// !$*UTF8*$!
{
	archiveVersion = 1;
	classes = {
	};
	objectVersion = 56;
	objects = {

/* Begin PBXBuildFile section */
		AD741E4E2C4E5E300084FCAE /* Follower.swift in Sources */ = {isa = PBXBuildFile; fileRef = AD741E4D2C4E5E300084FCAE /* Follower.swift */; };
		AD741E502C4E606C0084FCAE /* User.swift in Sources */ = {isa = PBXBuildFile; fileRef = AD741E4F2C4E606C0084FCAE /* User.swift */; };
		ADDC37202C6100840093CFE9 /* HSItemInfoVC.swift in Sources */ = {isa = PBXBuildFile; fileRef = ADDC371F2C6100840093CFE9 /* HSItemInfoVC.swift */; };
		ADF0C44E2C4FEEC7009DB160 /* FollowerCell.swift in Sources */ = {isa = PBXBuildFile; fileRef = ADF0C44C2C4FEEC7009DB160 /* FollowerCell.swift */; };
		ADF0C4502C4FEF05009DB160 /* HSAvatarImageView.swift in Sources */ = {isa = PBXBuildFile; fileRef = ADF0C44F2C4FEF05009DB160 /* HSAvatarImageView.swift */; };
		DC22519B2C4CDD66003C9443 /* FollowerListVC.swift in Sources */ = {isa = PBXBuildFile; fileRef = DC22519A2C4CDD66003C9443 /* FollowerListVC.swift */; };
		DC22519E2C4CE511003C9443 /* Collection+Ext.swift in Sources */ = {isa = PBXBuildFile; fileRef = DC22519D2C4CE511003C9443 /* Collection+Ext.swift */; };
		DC2251A02C4CE773003C9443 /* String+Ext.swift in Sources */ = {isa = PBXBuildFile; fileRef = DC22519F2C4CE773003C9443 /* String+Ext.swift */; };
		DC2251A22C4D134F003C9443 /* HSTitleLabel.swift in Sources */ = {isa = PBXBuildFile; fileRef = DC2251A12C4D134F003C9443 /* HSTitleLabel.swift */; };
		DC2251A42C4D18DB003C9443 /* HSBodyLabel.swift in Sources */ = {isa = PBXBuildFile; fileRef = DC2251A32C4D18DB003C9443 /* HSBodyLabel.swift */; };
		DC2251A62C4D19C5003C9443 /* HSAlertVC.swift in Sources */ = {isa = PBXBuildFile; fileRef = DC2251A52C4D19C5003C9443 /* HSAlertVC.swift */; };
		DC2251A82C4D701C003C9443 /* UIViewController+Ext.swift in Sources */ = {isa = PBXBuildFile; fileRef = DC2251A72C4D701C003C9443 /* UIViewController+Ext.swift */; };
		DC2251AE2C4F40F5003C9443 /* NetworkManager.swift in Sources */ = {isa = PBXBuildFile; fileRef = DC2251AD2C4F40F5003C9443 /* NetworkManager.swift */; };
		DC2251B32C50ABD7003C9443 /* UIHelper.swift in Sources */ = {isa = PBXBuildFile; fileRef = DC2251B22C50ABD7003C9443 /* UIHelper.swift */; };
		DC307C052C6133750002E910 /* HSRepoItemVC.swift in Sources */ = {isa = PBXBuildFile; fileRef = DC307C042C6133750002E910 /* HSRepoItemVC.swift */; };
		DC307C072C6135E20002E910 /* HSFollowerItemVC.swift in Sources */ = {isa = PBXBuildFile; fileRef = DC307C062C6135E20002E910 /* HSFollowerItemVC.swift */; };
		DC377AC32C450FE700C3C0E1 /* AppDelegate.swift in Sources */ = {isa = PBXBuildFile; fileRef = DC377AC22C450FE700C3C0E1 /* AppDelegate.swift */; };
		DC377AC52C450FE700C3C0E1 /* SceneDelegate.swift in Sources */ = {isa = PBXBuildFile; fileRef = DC377AC42C450FE700C3C0E1 /* SceneDelegate.swift */; };
		DC377ACC2C450FE800C3C0E1 /* Assets.xcassets in Resources */ = {isa = PBXBuildFile; fileRef = DC377ACB2C450FE800C3C0E1 /* Assets.xcassets */; };
		DC377ACF2C450FE800C3C0E1 /* Base in Resources */ = {isa = PBXBuildFile; fileRef = DC377ACE2C450FE800C3C0E1 /* Base */; };
		DC377AD72C463AA500C3C0E1 /* SearchVC.swift in Sources */ = {isa = PBXBuildFile; fileRef = DC377AD62C463AA500C3C0E1 /* SearchVC.swift */; };
		DC377AD92C463ADF00C3C0E1 /* FavoritesListVC.swift in Sources */ = {isa = PBXBuildFile; fileRef = DC377AD82C463ADF00C3C0E1 /* FavoritesListVC.swift */; };
		DC377ADB2C4646EF00C3C0E1 /* HSButton.swift in Sources */ = {isa = PBXBuildFile; fileRef = DC377ADA2C4646EF00C3C0E1 /* HSButton.swift */; };
		DC377ADD2C46506300C3C0E1 /* HSTextField.swift in Sources */ = {isa = PBXBuildFile; fileRef = DC377ADC2C46506300C3C0E1 /* HSTextField.swift */; };
		DCA8C1C72C5C5F3F000B05B7 /* HSItemInfoView.swift in Sources */ = {isa = PBXBuildFile; fileRef = DCA8C1C62C5C5F3F000B05B7 /* HSItemInfoView.swift */; };
		DCDEBCFC2C588F55003319E8 /* HSEmptyStateView.swift in Sources */ = {isa = PBXBuildFile; fileRef = DCDEBCFB2C588F55003319E8 /* HSEmptyStateView.swift */; };
		DCDEBD002C59DD7B003319E8 /* UserInfoVC.swift in Sources */ = {isa = PBXBuildFile; fileRef = DCDEBCFF2C59DD7B003319E8 /* UserInfoVC.swift */; };
		DCDEBD022C5AB1EB003319E8 /* HSError.swift in Sources */ = {isa = PBXBuildFile; fileRef = DCDEBD012C5AB1EA003319E8 /* HSError.swift */; };
		DCDEBD042C5B27AC003319E8 /* HSUserInfoHeaderVC.swift in Sources */ = {isa = PBXBuildFile; fileRef = DCDEBD032C5B27AC003319E8 /* HSUserInfoHeaderVC.swift */; };
		DCDEBD062C5B27F1003319E8 /* HSSecondaryTitleLabel.swift in Sources */ = {isa = PBXBuildFile; fileRef = DCDEBD052C5B27F1003319E8 /* HSSecondaryTitleLabel.swift */; };
		DCDEBD082C5B2E92003319E8 /* Constants.swift in Sources */ = {isa = PBXBuildFile; fileRef = DCDEBD072C5B2E92003319E8 /* Constants.swift */; };
/* End PBXBuildFile section */

/* Begin PBXFileReference section */
		AD741E4D2C4E5E300084FCAE /* Follower.swift */ = {isa = PBXFileReference; lastKnownFileType = sourcecode.swift; path = Follower.swift; sourceTree = "<group>"; };
		AD741E4F2C4E606C0084FCAE /* User.swift */ = {isa = PBXFileReference; lastKnownFileType = sourcecode.swift; path = User.swift; sourceTree = "<group>"; };
		ADDC371F2C6100840093CFE9 /* HSItemInfoVC.swift */ = {isa = PBXFileReference; lastKnownFileType = sourcecode.swift; path = HSItemInfoVC.swift; sourceTree = "<group>"; };
		ADF0C44C2C4FEEC7009DB160 /* FollowerCell.swift */ = {isa = PBXFileReference; fileEncoding = 4; lastKnownFileType = sourcecode.swift; path = FollowerCell.swift; sourceTree = "<group>"; };
		ADF0C44F2C4FEF05009DB160 /* HSAvatarImageView.swift */ = {isa = PBXFileReference; fileEncoding = 4; lastKnownFileType = sourcecode.swift; path = HSAvatarImageView.swift; sourceTree = "<group>"; };
		DC22519A2C4CDD66003C9443 /* FollowerListVC.swift */ = {isa = PBXFileReference; lastKnownFileType = sourcecode.swift; path = FollowerListVC.swift; sourceTree = "<group>"; };
		DC22519D2C4CE511003C9443 /* Collection+Ext.swift */ = {isa = PBXFileReference; fileEncoding = 4; lastKnownFileType = sourcecode.swift; path = "Collection+Ext.swift"; sourceTree = "<group>"; };
		DC22519F2C4CE773003C9443 /* String+Ext.swift */ = {isa = PBXFileReference; fileEncoding = 4; lastKnownFileType = sourcecode.swift; path = "String+Ext.swift"; sourceTree = "<group>"; };
		DC2251A12C4D134F003C9443 /* HSTitleLabel.swift */ = {isa = PBXFileReference; lastKnownFileType = sourcecode.swift; path = HSTitleLabel.swift; sourceTree = "<group>"; };
		DC2251A32C4D18DB003C9443 /* HSBodyLabel.swift */ = {isa = PBXFileReference; lastKnownFileType = sourcecode.swift; path = HSBodyLabel.swift; sourceTree = "<group>"; };
		DC2251A52C4D19C5003C9443 /* HSAlertVC.swift */ = {isa = PBXFileReference; lastKnownFileType = sourcecode.swift; path = HSAlertVC.swift; sourceTree = "<group>"; };
		DC2251A72C4D701C003C9443 /* UIViewController+Ext.swift */ = {isa = PBXFileReference; lastKnownFileType = sourcecode.swift; path = "UIViewController+Ext.swift"; sourceTree = "<group>"; };
		DC2251AD2C4F40F5003C9443 /* NetworkManager.swift */ = {isa = PBXFileReference; lastKnownFileType = sourcecode.swift; path = NetworkManager.swift; sourceTree = "<group>"; };
		DC2251B22C50ABD7003C9443 /* UIHelper.swift */ = {isa = PBXFileReference; lastKnownFileType = sourcecode.swift; path = UIHelper.swift; sourceTree = "<group>"; };
		DC307C042C6133750002E910 /* HSRepoItemVC.swift */ = {isa = PBXFileReference; lastKnownFileType = sourcecode.swift; path = HSRepoItemVC.swift; sourceTree = "<group>"; };
		DC307C062C6135E20002E910 /* HSFollowerItemVC.swift */ = {isa = PBXFileReference; lastKnownFileType = sourcecode.swift; path = HSFollowerItemVC.swift; sourceTree = "<group>"; };
		DC377ABF2C450FE700C3C0E1 /* HubScout.app */ = {isa = PBXFileReference; explicitFileType = wrapper.application; includeInIndex = 0; path = HubScout.app; sourceTree = BUILT_PRODUCTS_DIR; };
		DC377AC22C450FE700C3C0E1 /* AppDelegate.swift */ = {isa = PBXFileReference; lastKnownFileType = sourcecode.swift; path = AppDelegate.swift; sourceTree = "<group>"; };
		DC377AC42C450FE700C3C0E1 /* SceneDelegate.swift */ = {isa = PBXFileReference; lastKnownFileType = sourcecode.swift; path = SceneDelegate.swift; sourceTree = "<group>"; };
		DC377ACB2C450FE800C3C0E1 /* Assets.xcassets */ = {isa = PBXFileReference; lastKnownFileType = folder.assetcatalog; path = Assets.xcassets; sourceTree = "<group>"; };
		DC377ACE2C450FE800C3C0E1 /* Base */ = {isa = PBXFileReference; lastKnownFileType = file.storyboard; name = Base; path = Base.lproj/LaunchScreen.storyboard; sourceTree = "<group>"; };
		DC377AD02C450FE800C3C0E1 /* Info.plist */ = {isa = PBXFileReference; lastKnownFileType = text.plist.xml; path = Info.plist; sourceTree = "<group>"; };
		DC377AD62C463AA500C3C0E1 /* SearchVC.swift */ = {isa = PBXFileReference; lastKnownFileType = sourcecode.swift; path = SearchVC.swift; sourceTree = "<group>"; };
		DC377AD82C463ADF00C3C0E1 /* FavoritesListVC.swift */ = {isa = PBXFileReference; lastKnownFileType = sourcecode.swift; path = FavoritesListVC.swift; sourceTree = "<group>"; };
		DC377ADA2C4646EF00C3C0E1 /* HSButton.swift */ = {isa = PBXFileReference; lastKnownFileType = sourcecode.swift; path = HSButton.swift; sourceTree = "<group>"; };
		DC377ADC2C46506300C3C0E1 /* HSTextField.swift */ = {isa = PBXFileReference; lastKnownFileType = sourcecode.swift; path = HSTextField.swift; sourceTree = "<group>"; };
		DCA8C1C62C5C5F3F000B05B7 /* HSItemInfoView.swift */ = {isa = PBXFileReference; lastKnownFileType = sourcecode.swift; path = HSItemInfoView.swift; sourceTree = "<group>"; };
		DCDEBCFB2C588F55003319E8 /* HSEmptyStateView.swift */ = {isa = PBXFileReference; lastKnownFileType = sourcecode.swift; path = HSEmptyStateView.swift; sourceTree = "<group>"; };
		DCDEBCFF2C59DD7B003319E8 /* UserInfoVC.swift */ = {isa = PBXFileReference; lastKnownFileType = sourcecode.swift; path = UserInfoVC.swift; sourceTree = "<group>"; };
		DCDEBD012C5AB1EA003319E8 /* HSError.swift */ = {isa = PBXFileReference; fileEncoding = 4; lastKnownFileType = sourcecode.swift; name = HSError.swift; path = HubScout/Utils/HSError.swift; sourceTree = SOURCE_ROOT; };
		DCDEBD032C5B27AC003319E8 /* HSUserInfoHeaderVC.swift */ = {isa = PBXFileReference; lastKnownFileType = sourcecode.swift; path = HSUserInfoHeaderVC.swift; sourceTree = "<group>"; };
		DCDEBD052C5B27F1003319E8 /* HSSecondaryTitleLabel.swift */ = {isa = PBXFileReference; lastKnownFileType = sourcecode.swift; path = HSSecondaryTitleLabel.swift; sourceTree = "<group>"; };
		DCDEBD072C5B2E92003319E8 /* Constants.swift */ = {isa = PBXFileReference; lastKnownFileType = sourcecode.swift; path = Constants.swift; sourceTree = "<group>"; };
/* End PBXFileReference section */

/* Begin PBXFrameworksBuildPhase section */
		DC377ABC2C450FE700C3C0E1 /* Frameworks */ = {
			isa = PBXFrameworksBuildPhase;
			buildActionMask = 2147483647;
			files = (
			);
			runOnlyForDeploymentPostprocessing = 0;
		};
/* End PBXFrameworksBuildPhase section */

/* Begin PBXGroup section */
		AD741E4C2C4E5DF20084FCAE /* Model */ = {
			isa = PBXGroup;
			children = (
				AD741E4D2C4E5E300084FCAE /* Follower.swift */,
				AD741E4F2C4E606C0084FCAE /* User.swift */,
			);
			path = Model;
			sourceTree = "<group>";
		};
		ADF0C44D2C4FEEC7009DB160 /* Cells */ = {
			isa = PBXGroup;
			children = (
				ADF0C44C2C4FEEC7009DB160 /* FollowerCell.swift */,
			);
			path = Cells;
			sourceTree = "<group>";
		};
		DC22519C2C4CE4D3003C9443 /* Extensions */ = {
			isa = PBXGroup;
			children = (
				DC22519F2C4CE773003C9443 /* String+Ext.swift */,
				DC22519D2C4CE511003C9443 /* Collection+Ext.swift */,
				DC2251A72C4D701C003C9443 /* UIViewController+Ext.swift */,
			);
			path = Extensions;
			sourceTree = "<group>";
		};
		DC2251A92C4DA3E8003C9443 /* Screens */ = {
			isa = PBXGroup;
			children = (
				DC377AD62C463AA500C3C0E1 /* SearchVC.swift */,
				DC377AD82C463ADF00C3C0E1 /* FavoritesListVC.swift */,
				DC22519A2C4CDD66003C9443 /* FollowerListVC.swift */,
				DCDEBCFF2C59DD7B003319E8 /* UserInfoVC.swift */,
			);
			path = Screens;
			sourceTree = "<group>";
		};
		DC2251AA2C4DA3FD003C9443 /* Custom Views */ = {
			isa = PBXGroup;
			children = (
				DCDEBCFA2C588E9E003319E8 /* ViewControllers */,
				DCDEBCF92C588E94003319E8 /* ImagesViews */,
				DCDEBCF82C588E78003319E8 /* TextFields */,
				DCDEBCF72C588E70003319E8 /* Labels */,
				DCDEBCF62C588E6C003319E8 /* Buttons */,
				DCDEBCF52C588E65003319E8 /* Views */,
				ADF0C44D2C4FEEC7009DB160 /* Cells */,
			);
			path = "Custom Views";
			sourceTree = "<group>";
		};
		DC2251AB2C4DA427003C9443 /* Support */ = {
			isa = PBXGroup;
			children = (
				DC377AC22C450FE700C3C0E1 /* AppDelegate.swift */,
				DC377AC42C450FE700C3C0E1 /* SceneDelegate.swift */,
				DC377ACB2C450FE800C3C0E1 /* Assets.xcassets */,
				DC377ACD2C450FE800C3C0E1 /* LaunchScreen.storyboard */,
			);
			path = Support;
			sourceTree = "<group>";
		};
		DC2251AC2C4F40CC003C9443 /* Managers */ = {
			isa = PBXGroup;
			children = (
				DC2251AD2C4F40F5003C9443 /* NetworkManager.swift */,
			);
			path = Managers;
			sourceTree = "<group>";
		};
		DC2251AF2C4F5D02003C9443 /* Utils */ = {
			isa = PBXGroup;
			children = (
				DCDEBD012C5AB1EA003319E8 /* HSError.swift */,
				DC2251B22C50ABD7003C9443 /* UIHelper.swift */,
				DCDEBD072C5B2E92003319E8 /* Constants.swift */,
			);
			path = Utils;
			sourceTree = "<group>";
		};
		DC307C082C6138960002E910 /* ItemInfoVCs */ = {
			isa = PBXGroup;
			children = (
				ADDC371F2C6100840093CFE9 /* HSItemInfoVC.swift */,
				DC307C062C6135E20002E910 /* HSFollowerItemVC.swift */,
				DC307C042C6133750002E910 /* HSRepoItemVC.swift */,
			);
			path = ItemInfoVCs;
			sourceTree = "<group>";
		};
		DC377AB62C450FE700C3C0E1 = {
			isa = PBXGroup;
			children = (
				DC377AC12C450FE700C3C0E1 /* HubScout */,
				DC377AC02C450FE700C3C0E1 /* Products */,
			);
			sourceTree = "<group>";
		};
		DC377AC02C450FE700C3C0E1 /* Products */ = {
			isa = PBXGroup;
			children = (
				DC377ABF2C450FE700C3C0E1 /* HubScout.app */,
			);
			name = Products;
			sourceTree = "<group>";
		};
		DC377AC12C450FE700C3C0E1 /* HubScout */ = {
			isa = PBXGroup;
			children = (
				DC2251AF2C4F5D02003C9443 /* Utils */,
				DC2251AC2C4F40CC003C9443 /* Managers */,
				AD741E4C2C4E5DF20084FCAE /* Model */,
				DC2251A92C4DA3E8003C9443 /* Screens */,
				DC2251AA2C4DA3FD003C9443 /* Custom Views */,
				DC2251AB2C4DA427003C9443 /* Support */,
				DC22519C2C4CE4D3003C9443 /* Extensions */,
				DC377AD02C450FE800C3C0E1 /* Info.plist */,
			);
			path = HubScout;
			sourceTree = "<group>";
		};
		DCDEBCF52C588E65003319E8 /* Views */ = {
			isa = PBXGroup;
			children = (
				DCDEBCFB2C588F55003319E8 /* HSEmptyStateView.swift */,
				DCA8C1C62C5C5F3F000B05B7 /* HSItemInfoView.swift */,
			);
			path = Views;
			sourceTree = "<group>";
		};
		DCDEBCF62C588E6C003319E8 /* Buttons */ = {
			isa = PBXGroup;
			children = (
				DC377ADA2C4646EF00C3C0E1 /* HSButton.swift */,
			);
			path = Buttons;
			sourceTree = "<group>";
		};
		DCDEBCF72C588E70003319E8 /* Labels */ = {
			isa = PBXGroup;
			children = (
				DC2251A12C4D134F003C9443 /* HSTitleLabel.swift */,
				DC2251A32C4D18DB003C9443 /* HSBodyLabel.swift */,
				DCDEBD052C5B27F1003319E8 /* HSSecondaryTitleLabel.swift */,
			);
			path = Labels;
			sourceTree = "<group>";
		};
		DCDEBCF82C588E78003319E8 /* TextFields */ = {
			isa = PBXGroup;
			children = (
				DC377ADC2C46506300C3C0E1 /* HSTextField.swift */,
			);
			path = TextFields;
			sourceTree = "<group>";
		};
		DCDEBCF92C588E94003319E8 /* ImagesViews */ = {
			isa = PBXGroup;
			children = (
				ADF0C44F2C4FEF05009DB160 /* HSAvatarImageView.swift */,
			);
			path = ImagesViews;
			sourceTree = "<group>";
		};
		DCDEBCFA2C588E9E003319E8 /* ViewControllers */ = {
			isa = PBXGroup;
			children = (
				DC307C082C6138960002E910 /* ItemInfoVCs */,
				DCDEBD032C5B27AC003319E8 /* HSUserInfoHeaderVC.swift */,
				DC2251A52C4D19C5003C9443 /* HSAlertVC.swift */,
			);
			path = ViewControllers;
			sourceTree = "<group>";
		};
/* End PBXGroup section */

/* Begin PBXNativeTarget section */
		DC377ABE2C450FE700C3C0E1 /* HubScout */ = {
			isa = PBXNativeTarget;
			buildConfigurationList = DC377AD32C450FE800C3C0E1 /* Build configuration list for PBXNativeTarget "HubScout" */;
			buildPhases = (
				DC377ABB2C450FE700C3C0E1 /* Sources */,
				DC377ABC2C450FE700C3C0E1 /* Frameworks */,
				DC377ABD2C450FE700C3C0E1 /* Resources */,
			);
			buildRules = (
			);
			dependencies = (
			);
			name = HubScout;
			productName = HubScout;
			productReference = DC377ABF2C450FE700C3C0E1 /* HubScout.app */;
			productType = "com.apple.product-type.application";
		};
/* End PBXNativeTarget section */

/* Begin PBXProject section */
		DC377AB72C450FE700C3C0E1 /* Project object */ = {
			isa = PBXProject;
			attributes = {
				BuildIndependentTargetsInParallel = 1;
				LastSwiftUpdateCheck = 1540;
				LastUpgradeCheck = 1540;
				TargetAttributes = {
					DC377ABE2C450FE700C3C0E1 = {
						CreatedOnToolsVersion = 15.4;
					};
				};
			};
			buildConfigurationList = DC377ABA2C450FE700C3C0E1 /* Build configuration list for PBXProject "HubScout" */;
			compatibilityVersion = "Xcode 14.0";
			developmentRegion = en;
			hasScannedForEncodings = 0;
			knownRegions = (
				en,
				Base,
			);
			mainGroup = DC377AB62C450FE700C3C0E1;
			productRefGroup = DC377AC02C450FE700C3C0E1 /* Products */;
			projectDirPath = "";
			projectRoot = "";
			targets = (
				DC377ABE2C450FE700C3C0E1 /* HubScout */,
			);
		};
/* End PBXProject section */

/* Begin PBXResourcesBuildPhase section */
		DC377ABD2C450FE700C3C0E1 /* Resources */ = {
			isa = PBXResourcesBuildPhase;
			buildActionMask = 2147483647;
			files = (
				DC377ACC2C450FE800C3C0E1 /* Assets.xcassets in Resources */,
				DC377ACF2C450FE800C3C0E1 /* Base in Resources */,
			);
			runOnlyForDeploymentPostprocessing = 0;
		};
/* End PBXResourcesBuildPhase section */

/* Begin PBXSourcesBuildPhase section */
		DC377ABB2C450FE700C3C0E1 /* Sources */ = {
			isa = PBXSourcesBuildPhase;
			buildActionMask = 2147483647;
			files = (
				DCDEBD082C5B2E92003319E8 /* Constants.swift in Sources */,
				DC2251A22C4D134F003C9443 /* HSTitleLabel.swift in Sources */,
				AD741E4E2C4E5E300084FCAE /* Follower.swift in Sources */,
				DC2251A82C4D701C003C9443 /* UIViewController+Ext.swift in Sources */,
				DC2251B32C50ABD7003C9443 /* UIHelper.swift in Sources */,
				DC2251A02C4CE773003C9443 /* String+Ext.swift in Sources */,
				DC307C072C6135E20002E910 /* HSFollowerItemVC.swift in Sources */,
				DC2251AE2C4F40F5003C9443 /* NetworkManager.swift in Sources */,
				DCDEBCFC2C588F55003319E8 /* HSEmptyStateView.swift in Sources */,
				DC377ADB2C4646EF00C3C0E1 /* HSButton.swift in Sources */,
				DC22519E2C4CE511003C9443 /* Collection+Ext.swift in Sources */,
				DC307C052C6133750002E910 /* HSRepoItemVC.swift in Sources */,
				DC377AD92C463ADF00C3C0E1 /* FavoritesListVC.swift in Sources */,
				DC377AD72C463AA500C3C0E1 /* SearchVC.swift in Sources */,
				DCDEBD062C5B27F1003319E8 /* HSSecondaryTitleLabel.swift in Sources */,
				AD741E502C4E606C0084FCAE /* User.swift in Sources */,
				DCDEBD042C5B27AC003319E8 /* HSUserInfoHeaderVC.swift in Sources */,
				ADF0C44E2C4FEEC7009DB160 /* FollowerCell.swift in Sources */,
				DCA8C1C72C5C5F3F000B05B7 /* HSItemInfoView.swift in Sources */,
				DC377AC32C450FE700C3C0E1 /* AppDelegate.swift in Sources */,
				DC2251A62C4D19C5003C9443 /* HSAlertVC.swift in Sources */,
				DCDEBD022C5AB1EB003319E8 /* HSError.swift in Sources */,
				DC22519B2C4CDD66003C9443 /* FollowerListVC.swift in Sources */,
				ADF0C4502C4FEF05009DB160 /* HSAvatarImageView.swift in Sources */,
				DC2251A42C4D18DB003C9443 /* HSBodyLabel.swift in Sources */,
				ADDC37202C6100840093CFE9 /* HSItemInfoVC.swift in Sources */,
				DC377ADD2C46506300C3C0E1 /* HSTextField.swift in Sources */,
				DC377AC52C450FE700C3C0E1 /* SceneDelegate.swift in Sources */,
				DCDEBD002C59DD7B003319E8 /* UserInfoVC.swift in Sources */,
			);
			runOnlyForDeploymentPostprocessing = 0;
		};
/* End PBXSourcesBuildPhase section */

/* Begin PBXVariantGroup section */
		DC377ACD2C450FE800C3C0E1 /* LaunchScreen.storyboard */ = {
			isa = PBXVariantGroup;
			children = (
				DC377ACE2C450FE800C3C0E1 /* Base */,
			);
			name = LaunchScreen.storyboard;
			sourceTree = "<group>";
		};
/* End PBXVariantGroup section */

/* Begin XCBuildConfiguration section */
		DC377AD12C450FE800C3C0E1 /* Debug */ = {
			isa = XCBuildConfiguration;
			buildSettings = {
				ALWAYS_SEARCH_USER_PATHS = NO;
				ASSETCATALOG_COMPILER_GENERATE_SWIFT_ASSET_SYMBOL_EXTENSIONS = YES;
				CLANG_ANALYZER_NONNULL = YES;
				CLANG_ANALYZER_NUMBER_OBJECT_CONVERSION = YES_AGGRESSIVE;
				CLANG_CXX_LANGUAGE_STANDARD = "gnu++20";
				CLANG_ENABLE_MODULES = YES;
				CLANG_ENABLE_OBJC_ARC = YES;
				CLANG_ENABLE_OBJC_WEAK = YES;
				CLANG_WARN_BLOCK_CAPTURE_AUTORELEASING = YES;
				CLANG_WARN_BOOL_CONVERSION = YES;
				CLANG_WARN_COMMA = YES;
				CLANG_WARN_CONSTANT_CONVERSION = YES;
				CLANG_WARN_DEPRECATED_OBJC_IMPLEMENTATIONS = YES;
				CLANG_WARN_DIRECT_OBJC_ISA_USAGE = YES_ERROR;
				CLANG_WARN_DOCUMENTATION_COMMENTS = YES;
				CLANG_WARN_EMPTY_BODY = YES;
				CLANG_WARN_ENUM_CONVERSION = YES;
				CLANG_WARN_INFINITE_RECURSION = YES;
				CLANG_WARN_INT_CONVERSION = YES;
				CLANG_WARN_NON_LITERAL_NULL_CONVERSION = YES;
				CLANG_WARN_OBJC_IMPLICIT_RETAIN_SELF = YES;
				CLANG_WARN_OBJC_LITERAL_CONVERSION = YES;
				CLANG_WARN_OBJC_ROOT_CLASS = YES_ERROR;
				CLANG_WARN_QUOTED_INCLUDE_IN_FRAMEWORK_HEADER = YES;
				CLANG_WARN_RANGE_LOOP_ANALYSIS = YES;
				CLANG_WARN_STRICT_PROTOTYPES = YES;
				CLANG_WARN_SUSPICIOUS_MOVE = YES;
				CLANG_WARN_UNGUARDED_AVAILABILITY = YES_AGGRESSIVE;
				CLANG_WARN_UNREACHABLE_CODE = YES;
				CLANG_WARN__DUPLICATE_METHOD_MATCH = YES;
				COPY_PHASE_STRIP = NO;
				DEBUG_INFORMATION_FORMAT = dwarf;
				ENABLE_STRICT_OBJC_MSGSEND = YES;
				ENABLE_TESTABILITY = YES;
				ENABLE_USER_SCRIPT_SANDBOXING = YES;
				GCC_C_LANGUAGE_STANDARD = gnu17;
				GCC_DYNAMIC_NO_PIC = NO;
				GCC_NO_COMMON_BLOCKS = YES;
				GCC_OPTIMIZATION_LEVEL = 0;
				GCC_PREPROCESSOR_DEFINITIONS = (
					"DEBUG=1",
					"$(inherited)",
				);
				GCC_WARN_64_TO_32_BIT_CONVERSION = YES;
				GCC_WARN_ABOUT_RETURN_TYPE = YES_ERROR;
				GCC_WARN_UNDECLARED_SELECTOR = YES;
				GCC_WARN_UNINITIALIZED_AUTOS = YES_AGGRESSIVE;
				GCC_WARN_UNUSED_FUNCTION = YES;
				GCC_WARN_UNUSED_VARIABLE = YES;
				IPHONEOS_DEPLOYMENT_TARGET = 17.5;
				LOCALIZATION_PREFERS_STRING_CATALOGS = YES;
				MTL_ENABLE_DEBUG_INFO = INCLUDE_SOURCE;
				MTL_FAST_MATH = YES;
				ONLY_ACTIVE_ARCH = YES;
				SDKROOT = iphoneos;
				SWIFT_ACTIVE_COMPILATION_CONDITIONS = "DEBUG $(inherited)";
				SWIFT_OPTIMIZATION_LEVEL = "-Onone";
			};
			name = Debug;
		};
		DC377AD22C450FE800C3C0E1 /* Release */ = {
			isa = XCBuildConfiguration;
			buildSettings = {
				ALWAYS_SEARCH_USER_PATHS = NO;
				ASSETCATALOG_COMPILER_GENERATE_SWIFT_ASSET_SYMBOL_EXTENSIONS = YES;
				CLANG_ANALYZER_NONNULL = YES;
				CLANG_ANALYZER_NUMBER_OBJECT_CONVERSION = YES_AGGRESSIVE;
				CLANG_CXX_LANGUAGE_STANDARD = "gnu++20";
				CLANG_ENABLE_MODULES = YES;
				CLANG_ENABLE_OBJC_ARC = YES;
				CLANG_ENABLE_OBJC_WEAK = YES;
				CLANG_WARN_BLOCK_CAPTURE_AUTORELEASING = YES;
				CLANG_WARN_BOOL_CONVERSION = YES;
				CLANG_WARN_COMMA = YES;
				CLANG_WARN_CONSTANT_CONVERSION = YES;
				CLANG_WARN_DEPRECATED_OBJC_IMPLEMENTATIONS = YES;
				CLANG_WARN_DIRECT_OBJC_ISA_USAGE = YES_ERROR;
				CLANG_WARN_DOCUMENTATION_COMMENTS = YES;
				CLANG_WARN_EMPTY_BODY = YES;
				CLANG_WARN_ENUM_CONVERSION = YES;
				CLANG_WARN_INFINITE_RECURSION = YES;
				CLANG_WARN_INT_CONVERSION = YES;
				CLANG_WARN_NON_LITERAL_NULL_CONVERSION = YES;
				CLANG_WARN_OBJC_IMPLICIT_RETAIN_SELF = YES;
				CLANG_WARN_OBJC_LITERAL_CONVERSION = YES;
				CLANG_WARN_OBJC_ROOT_CLASS = YES_ERROR;
				CLANG_WARN_QUOTED_INCLUDE_IN_FRAMEWORK_HEADER = YES;
				CLANG_WARN_RANGE_LOOP_ANALYSIS = YES;
				CLANG_WARN_STRICT_PROTOTYPES = YES;
				CLANG_WARN_SUSPICIOUS_MOVE = YES;
				CLANG_WARN_UNGUARDED_AVAILABILITY = YES_AGGRESSIVE;
				CLANG_WARN_UNREACHABLE_CODE = YES;
				CLANG_WARN__DUPLICATE_METHOD_MATCH = YES;
				COPY_PHASE_STRIP = NO;
				DEBUG_INFORMATION_FORMAT = "dwarf-with-dsym";
				ENABLE_NS_ASSERTIONS = NO;
				ENABLE_STRICT_OBJC_MSGSEND = YES;
				ENABLE_USER_SCRIPT_SANDBOXING = YES;
				GCC_C_LANGUAGE_STANDARD = gnu17;
				GCC_NO_COMMON_BLOCKS = YES;
				GCC_WARN_64_TO_32_BIT_CONVERSION = YES;
				GCC_WARN_ABOUT_RETURN_TYPE = YES_ERROR;
				GCC_WARN_UNDECLARED_SELECTOR = YES;
				GCC_WARN_UNINITIALIZED_AUTOS = YES_AGGRESSIVE;
				GCC_WARN_UNUSED_FUNCTION = YES;
				GCC_WARN_UNUSED_VARIABLE = YES;
				IPHONEOS_DEPLOYMENT_TARGET = 17.5;
				LOCALIZATION_PREFERS_STRING_CATALOGS = YES;
				MTL_ENABLE_DEBUG_INFO = NO;
				MTL_FAST_MATH = YES;
				SDKROOT = iphoneos;
				SWIFT_COMPILATION_MODE = wholemodule;
				VALIDATE_PRODUCT = YES;
			};
			name = Release;
		};
		DC377AD42C450FE800C3C0E1 /* Debug */ = {
			isa = XCBuildConfiguration;
			buildSettings = {
				ASSETCATALOG_COMPILER_APPICON_NAME = AppIcon;
				ASSETCATALOG_COMPILER_GLOBAL_ACCENT_COLOR_NAME = AccentColor;
				CODE_SIGN_STYLE = Automatic;
				CURRENT_PROJECT_VERSION = 1;
				DEVELOPMENT_TEAM = 87MV5ZDVCZ;
				GENERATE_INFOPLIST_FILE = YES;
				INFOPLIST_FILE = HubScout/Info.plist;
				INFOPLIST_KEY_UIApplicationSupportsIndirectInputEvents = YES;
				INFOPLIST_KEY_UILaunchStoryboardName = LaunchScreen;
				INFOPLIST_KEY_UISupportedInterfaceOrientations = UIInterfaceOrientationPortrait;
				IPHONEOS_DEPLOYMENT_TARGET = 17;
				LD_RUNPATH_SEARCH_PATHS = (
					"$(inherited)",
					"@executable_path/Frameworks",
				);
				MARKETING_VERSION = 1.0;
				PRODUCT_BUNDLE_IDENTIFIER = com.muhammadasad.HubScout;
				PRODUCT_NAME = "$(TARGET_NAME)";
				SWIFT_EMIT_LOC_STRINGS = YES;
				SWIFT_VERSION = 5.0;
				TARGETED_DEVICE_FAMILY = "1,2";
			};
			name = Debug;
		};
		DC377AD52C450FE800C3C0E1 /* Release */ = {
			isa = XCBuildConfiguration;
			buildSettings = {
				ASSETCATALOG_COMPILER_APPICON_NAME = AppIcon;
				ASSETCATALOG_COMPILER_GLOBAL_ACCENT_COLOR_NAME = AccentColor;
				CODE_SIGN_STYLE = Automatic;
				CURRENT_PROJECT_VERSION = 1;
				DEVELOPMENT_TEAM = 87MV5ZDVCZ;
				GENERATE_INFOPLIST_FILE = YES;
				INFOPLIST_FILE = HubScout/Info.plist;
				INFOPLIST_KEY_UIApplicationSupportsIndirectInputEvents = YES;
				INFOPLIST_KEY_UILaunchStoryboardName = LaunchScreen;
				INFOPLIST_KEY_UISupportedInterfaceOrientations = UIInterfaceOrientationPortrait;
				IPHONEOS_DEPLOYMENT_TARGET = 17;
				LD_RUNPATH_SEARCH_PATHS = (
					"$(inherited)",
					"@executable_path/Frameworks",
				);
				MARKETING_VERSION = 1.0;
				PRODUCT_BUNDLE_IDENTIFIER = com.muhammadasad.HubScout;
				PRODUCT_NAME = "$(TARGET_NAME)";
				SWIFT_EMIT_LOC_STRINGS = YES;
				SWIFT_VERSION = 5.0;
				TARGETED_DEVICE_FAMILY = "1,2";
			};
			name = Release;
		};
/* End XCBuildConfiguration section */

/* Begin XCConfigurationList section */
		DC377ABA2C450FE700C3C0E1 /* Build configuration list for PBXProject "HubScout" */ = {
			isa = XCConfigurationList;
			buildConfigurations = (
				DC377AD12C450FE800C3C0E1 /* Debug */,
				DC377AD22C450FE800C3C0E1 /* Release */,
			);
			defaultConfigurationIsVisible = 0;
			defaultConfigurationName = Release;
		};
		DC377AD32C450FE800C3C0E1 /* Build configuration list for PBXNativeTarget "HubScout" */ = {
			isa = XCConfigurationList;
			buildConfigurations = (
				DC377AD42C450FE800C3C0E1 /* Debug */,
				DC377AD52C450FE800C3C0E1 /* Release */,
			);
			defaultConfigurationIsVisible = 0;
			defaultConfigurationName = Release;
		};
/* End XCConfigurationList section */
	};
	rootObject = DC377AB72C450FE700C3C0E1 /* Project object */;
}
